# Generated by pub
# See https://dart.dev/tools/pub/glossary#lockfile
packages:
  app_links:
    dependency: "direct main"
    description:
      name: app_links
      sha256: "02d5b116c72782522133a5cf6edac4520b41041af29511e1caf1e3b055dd18f7"
      url: "https://pub.dev"
    source: hosted
    version: "2.2.0"
  app_links_platform_interface:
    dependency: transitive
    description:
      name: app_links_platform_interface
      sha256: f893233802ab21e917d55e0b6175ff75ad7fe102b4103c9f87607b272e870c2f
      url: "https://pub.dev"
    source: hosted
    version: "0.1.0"
  app_links_web:
    dependency: transitive
    description:
      name: app_links_web
      sha256: "329a8d1059adf1b432e02331db03277a1b239ce6a9665e5ba8b348ec3e302fb7"
      url: "https://pub.dev"
    source: hosted
    version: "0.1.0"
  async:
    dependency: transitive
    description:
      name: async
      sha256: "947bfcf187f74dbc5e146c9eb9c0f10c9f8b30743e341481c1e2ed3ecc18c20c"
      url: "https://pub.dev"
    source: hosted
    version: "2.11.0"
  audio_service:
    dependency: "direct main"
    description:
      name: audio_service
      sha256: "3a13dae1c13424c43a453522c4de3bf5e6b02f02993d512728b4afd422549f95"
      url: "https://pub.dev"
    source: hosted
    version: "0.18.1"
  audio_service_platform_interface:
    dependency: transitive
    description:
      name: audio_service_platform_interface
      sha256: "2c3a1d52803931e836b9693547a71c0c3585ad54219d2214219ed5cfcc3c1af4"
      url: "https://pub.dev"
    source: hosted
    version: "0.1.0"
  audio_service_web:
    dependency: transitive
    description:
      name: audio_service_web
      sha256: "523e64ddc914c714d53eec2da85bba1074f08cf26c786d4efb322de510815ea7"
      url: "https://pub.dev"
    source: hosted
    version: "0.1.1"
  audio_session:
    dependency: transitive
    description:
      name: audio_session
      sha256: d8234185733d80133249143d67bdee29dcedc4588ce6ea232d88b083e79bfaf0
      url: "https://pub.dev"
    source: hosted
    version: "0.1.6+1"
  audiotagger:
    dependency: "direct main"
    description:
      name: audiotagger
      sha256: "1be5df15f099a82282aa03602d5e8da155182d0a144b7bd0e82499a9f61d9b82"
      url: "https://pub.dev"
    source: hosted
    version: "2.2.1"
  boolean_selector:
    dependency: transitive
    description:
      name: boolean_selector
      sha256: "6cfb5af12253eaf2b368f07bacc5a80d1301a071c73360d746b7f2e32d762c66"
      url: "https://pub.dev"
    source: hosted
    version: "2.1.1"
  cached_network_image:
    dependency: "direct main"
    description:
      name: cached_network_image
      sha256: "4f432f1ebef997167339c53de39e10229ae931b954f0b57331fe6bc75e6eeda1"
      url: "https://pub.dev"
    source: hosted
    version: "3.1.0"
  cached_network_image_platform_interface:
    dependency: transitive
    description:
      name: cached_network_image_platform_interface
      sha256: "8e2b5befefec5063bee8f209fda21751f6328d405d4237c70f21104568b2fee7"
      url: "https://pub.dev"
    source: hosted
    version: "1.0.0"
  cached_network_image_web:
    dependency: transitive
    description:
      name: cached_network_image_web
      sha256: d4351c7eb16767df129b0474a5ebc4e028870379c063e8ba265a56aa00831e70
      url: "https://pub.dev"
    source: hosted
    version: "1.0.1"
  characters:
    dependency: transitive
    description:
      name: characters
      sha256: "04a925763edad70e8443c99234dc3328f442e811f1d8fd1a72f1c8ad0f69a605"
      url: "https://pub.dev"
    source: hosted
    version: "1.3.0"
  charcode:
    dependency: transitive
    description:
      name: charcode
      sha256: fb98c0f6d12c920a02ee2d998da788bca066ca5f148492b7085ee23372b12306
      url: "https://pub.dev"
    source: hosted
    version: "1.3.1"
  clock:
    dependency: transitive
    description:
      name: clock
      sha256: cb6d7f03e1de671e34607e909a7213e31d7752be4fb66a86d29fe1eb14bfb5cf
      url: "https://pub.dev"
    source: hosted
    version: "1.1.1"
  collection:
    dependency: transitive
    description:
      name: collection
      sha256: "4a07be6cb69c84d677a6c3096fcf960cc3285a8330b4603e0d463d15d9bd934c"
      url: "https://pub.dev"
    source: hosted
    version: "1.17.1"
  crypto:
    dependency: transitive
    description:
      name: crypto
      sha256: cf75650c66c0316274e21d7c43d3dea246273af5955bd94e8184837cd577575c
      url: "https://pub.dev"
    source: hosted
    version: "3.0.1"
  csslib:
    dependency: transitive
    description:
      name: csslib
      sha256: d1cd6d6e4b39a4ad295204722b8608f19981677b223f3e942c0b5a33dcf57ec0
      url: "https://pub.dev"
    source: hosted
    version: "0.17.1"
  cupertino_icons:
    dependency: "direct main"
    description:
      name: cupertino_icons
      sha256: "486b7bc707424572cdf7bd7e812a0c146de3fd47ecadf070254cc60383f21dd8"
      url: "https://pub.dev"
    source: hosted
    version: "1.0.3"
  dart_des:
    dependency: "direct main"
    description:
      name: dart_des
      sha256: d0c7df7e57222b8fc8690ec86774a4a1aac03ced4273114ce0342e69aa0abb22
      url: "https://pub.dev"
    source: hosted
    version: "1.0.0"
  device_info:
    dependency: "direct main"
    description:
      name: device_info
      sha256: f4a8156cb7b7480d969cb734907d18b333c8f0bc0b1ad0b342cdcecf30d62c48
      url: "https://pub.dev"
    source: hosted
    version: "2.0.3"
  device_info_platform_interface:
    dependency: transitive
    description:
      name: device_info_platform_interface
      sha256: b148e0bf9640145d09a4f8dea96614076f889e7f7f8b5ecab1c7e5c2dbc73c1b
      url: "https://pub.dev"
    source: hosted
    version: "2.0.1"
  fading_edge_scrollview:
    dependency: transitive
    description:
      name: fading_edge_scrollview
      sha256: fcc6184eb6ea6761f310a3619bccd1f59520380328cb1a9fa161730bb2078910
      url: "https://pub.dev"
    source: hosted
    version: "2.0.1"
  fake_async:
    dependency: transitive
    description:
      name: fake_async
      sha256: "511392330127add0b769b75a987850d136345d9227c6b94c96a04cf4a391bf78"
      url: "https://pub.dev"
    source: hosted
    version: "1.3.1"
  ffi:
    dependency: transitive
    description:
      name: ffi
      sha256: "35d0f481d939de0d640b3db9a7aa36a52cd22054a798a73b4f50bdad5ce12678"
      url: "https://pub.dev"
    source: hosted
    version: "1.1.2"
  file:
    dependency: transitive
    description:
      name: file
      sha256: b69516f2c26a5bcac4eee2e32512e1a5205ab312b3536c1c1227b2b942b5f9ad
      url: "https://pub.dev"
    source: hosted
    version: "6.1.2"
  file_picker:
    dependency: "direct main"
    description:
      name: file_picker
      sha256: "1e7ef64c3ecde090d05729f9ddfe0d76624268d6dce5bd197c000792eee2202d"
      url: "https://pub.dev"
    source: hosted
    version: "4.2.4"
  flip_card:
    dependency: "direct main"
    description:
      name: flip_card
      sha256: ac079be6474e7005c1ea770a168194d207d5a24c88a463a0eb9fe838846fc517
      url: "https://pub.dev"
    source: hosted
    version: "0.6.0"
  flutter:
    dependency: "direct main"
    description: flutter
    source: sdk
    version: "0.0.0"
  flutter_archive:
    dependency: "direct main"
    description:
      name: flutter_archive
      sha256: "81156f9aaee0342377c1c10d1e89c1a5e3f268b842cdbee730ddb49c8eeca333"
      url: "https://pub.dev"
    source: hosted
    version: "4.1.0"
  flutter_blurhash:
    dependency: transitive
    description:
      name: flutter_blurhash
      sha256: "3525f13a7c280886d8119d7b8cbb88918ff0542bb7c41acc5674c2be93d1f8c0"
      url: "https://pub.dev"
    source: hosted
    version: "0.6.0"
  flutter_cache_manager:
    dependency: transitive
    description:
      name: flutter_cache_manager
      sha256: c86f5c55bbb1f70bec0312c71ca3fc8bf8cb3a7e97731a46bd1fe4b4feab4063
      url: "https://pub.dev"
    source: hosted
    version: "3.1.2"
  flutter_displaymode:
    dependency: "direct main"
    description:
      name: flutter_displaymode
      sha256: "042f4910ccc5620c58bb598dead6f868261268cf73a22fa93c9f0c57c3c0e666"
      url: "https://pub.dev"
    source: hosted
    version: "0.3.2"
  flutter_localizations:
    dependency: "direct main"
    description: flutter
    source: sdk
    version: "0.0.0"
  flutter_plugin_android_lifecycle:
    dependency: transitive
    description:
      name: flutter_plugin_android_lifecycle
      sha256: "7ad4cb6dd9f2dc91db9385154b40681098fea9af9f944592a88d6351b2b8ebda"
      url: "https://pub.dev"
    source: hosted
    version: "2.0.4"
  flutter_test:
    dependency: "direct dev"
    description: flutter
    source: sdk
    version: "0.0.0"
  flutter_web_plugins:
    dependency: transitive
    description: flutter
    source: sdk
    version: "0.0.0"
  freezed_annotation:
    dependency: transitive
    description:
      name: freezed_annotation
      sha256: "70776c4541e5cacfe45bcaf00fe79137b8c61aa34fb5765a05ce6c57fd72c6e9"
      url: "https://pub.dev"
    source: hosted
    version: "0.14.3"
  get_it:
    dependency: "direct main"
    description:
      name: get_it
      sha256: "290fde3a86072e4b37dbb03c07bec6126f0ecc28dad403c12ffe2e5a2d751ab7"
      url: "https://pub.dev"
    source: hosted
    version: "7.2.0"
  gotrue:
    dependency: transitive
    description:
      name: gotrue
      sha256: "1a33d190ec4095067e0cebb868210d32dbf0662686091091fec6968555abf654"
      url: "https://pub.dev"
    source: hosted
    version: "0.1.2"
  hive:
    dependency: "direct main"
    description:
      name: hive
      sha256: a1f4139652c24d013a509a939eea7897db5e7bd8f64d0d32ef692d6f324d767d
      url: "https://pub.dev"
    source: hosted
    version: "2.0.4"
  hive_flutter:
    dependency: "direct main"
    description:
      name: hive_flutter
      sha256: dca1da446b1d808a51689fb5d0c6c9510c0a2ba01e22805d492c73b68e33eecc
      url: "https://pub.dev"
    source: hosted
    version: "1.1.0"
  html:
    dependency: transitive
    description:
      name: html
      sha256: bfef906cbd4e78ef49ae511d9074aebd1d2251482ef601a280973e8b58b51bbf
      url: "https://pub.dev"
    source: hosted
    version: "0.15.0"
  html_unescape:
    dependency: "direct main"
    description:
      name: html_unescape
      sha256: "15362d7a18f19d7b742ef8dcb811f5fd2a2df98db9f80ea393c075189e0b61e3"
      url: "https://pub.dev"
    source: hosted
    version: "2.0.0"
  http:
    dependency: transitive
    description:
      name: http
      sha256: "2ed163531e071c2c6b7c659635112f24cb64ecbebf6af46b550d536c0b1aa112"
      url: "https://pub.dev"
    source: hosted
    version: "0.13.4"
  http_parser:
    dependency: transitive
    description:
      name: http_parser
      sha256: e362d639ba3bc07d5a71faebb98cde68c05bfbcfbbb444b60b6f60bb67719185
      url: "https://pub.dev"
    source: hosted
    version: "4.0.0"
  id3:
    dependency: transitive
    description:
      name: id3
      sha256: "9ae7f6b1492bd1a9bac3077a48aa57ccc382acd1dae419d010f841f8b825347b"
      url: "https://pub.dev"
    source: hosted
    version: "1.0.1"
  intl:
    dependency: transitive
    description:
      name: intl
      sha256: a3715e3bc90294e971cb7dc063fbf3cd9ee0ebf8604ffeafabd9e6f16abbdbe6
      url: "https://pub.dev"
    source: hosted
    version: "0.18.0"
  js:
    dependency: transitive
    description:
      name: js
      sha256: f2c445dce49627136094980615a031419f7f3eb393237e4ecd97ac15dea343f3
      url: "https://pub.dev"
    source: hosted
    version: "0.6.7"
  json_annotation:
    dependency: transitive
    description:
      name: json_annotation
      sha256: "3dd806caa7c7f7bb450099a5ece72ae1602cf6b6ed1f72d3d5205c8adbd70288"
      url: "https://pub.dev"
    source: hosted
    version: "4.3.0"
  just_audio:
    dependency: "direct main"
    description:
      name: just_audio
      sha256: "6d898a3d863aafb3e17cc9d138faec93910d81c17650c500717a5909e8dacf50"
      url: "https://pub.dev"
    source: hosted
    version: "0.9.18"
  just_audio_platform_interface:
    dependency: transitive
    description:
      name: just_audio_platform_interface
      sha256: "9953c5c6604c940c2a78f9ac6441da3551f61174a5dac9bda4dd92de73b11555"
      url: "https://pub.dev"
    source: hosted
    version: "4.0.0"
  just_audio_web:
    dependency: transitive
    description:
      name: just_audio_web
      sha256: "8601e26d993e217b89fc4e335e9ef3759367def176afbc7fb97ee739a411a7ee"
      url: "https://pub.dev"
    source: hosted
    version: "0.4.2"
  jwt_decode:
    dependency: transitive
    description:
      name: jwt_decode
      sha256: d2e9f68c052b2225130977429d30f187aa1981d789c76ad104a32243cfdebfbb
      url: "https://pub.dev"
    source: hosted
    version: "0.3.1"
  lint:
    dependency: "direct dev"
    description:
      name: lint
      sha256: "29e4570fcef31050c9ca1873f27dd881f462717a1d786d0767ccc19296efd51f"
      url: "https://pub.dev"
    source: hosted
    version: "1.7.2"
  marquee:
    dependency: "direct main"
    description:
      name: marquee
      sha256: "6daab657eeb981b3344f2f291af2ca8e64233140a647f59168869a452c8bffce"
      url: "https://pub.dev"
    source: hosted
    version: "2.2.0"
  matcher:
    dependency: transitive
    description:
      name: matcher
      sha256: "6501fbd55da300384b768785b83e5ce66991266cec21af89ab9ae7f5ce1c4cbb"
      url: "https://pub.dev"
    source: hosted
    version: "0.12.15"
  material_color_utilities:
    dependency: transitive
    description:
      name: material_color_utilities
      sha256: d92141dc6fe1dad30722f9aa826c7fbc896d021d792f80678280601aff8cf724
      url: "https://pub.dev"
    source: hosted
    version: "0.2.0"
  material_design_icons_flutter:
    dependency: "direct main"
    description:
      name: material_design_icons_flutter
      sha256: "06e34d0d6da622faa900cf59801f10c89787014a834ab391e9fad0895e6f0baf"
      url: "https://pub.dev"
    source: hosted
    version: "5.0.5955-rc.1"
  meta:
    dependency: transitive
    description:
      name: meta
      sha256: "3c74dbf8763d36539f114c799d8a2d87343b5067e9d796ca22b5eb8437090ee3"
      url: "https://pub.dev"
    source: hosted
    version: "1.9.1"
  mime:
    dependency: transitive
    description:
      name: mime
      sha256: fd5f81041e6a9fc9b9d7fa2cb8a01123f9f5d5d49136e06cb9dc7d33689529f4
      url: "https://pub.dev"
    source: hosted
    version: "1.0.1"
  octo_image:
    dependency: transitive
    description:
      name: octo_image
      sha256: "33894db83453d13a6f48635af015f85fb24892536cd6a5d3bd2b24606b9ab527"
      url: "https://pub.dev"
    source: hosted
    version: "1.0.0+1"
  on_audio_query:
    dependency: "direct main"
    description:
      name: on_audio_query
      sha256: d45624e3d58f412dfe31b71bffafe5a341c45ebf8fc556bcf4b0d4a4f2422289
      url: "https://pub.dev"
    source: hosted
    version: "2.5.3"
  on_audio_query_platform_interface:
    dependency: transitive
    description:
      name: on_audio_query_platform_interface
      sha256: "45a9a6e4ddf97aa7e1c08a3aebfe402d52c97b4ee46675157f70bbf1a1c422df"
      url: "https://pub.dev"
    source: hosted
    version: "1.3.1"
  on_audio_query_web:
    dependency: transitive
    description:
      name: on_audio_query_web
      sha256: "5fe30145cd69ee07eaeddab2dbe478203e9f61101c8bc0014b915bde00d42cd5"
      url: "https://pub.dev"
    source: hosted
    version: "1.3.2"
  package_info:
    dependency: "direct main"
    description:
      name: package_info
      sha256: "6c07d9d82c69e16afeeeeb6866fe43985a20b3b50df243091bfc4a4ad2b03b75"
      url: "https://pub.dev"
    source: hosted
    version: "2.0.2"
  palette_generator:
    dependency: "direct main"
    description:
      name: palette_generator
      sha256: fc79fe51ac52117dada7334af1d12549353d9c7f7aca5dc65f9d32dba61da5ce
      url: "https://pub.dev"
    source: hosted
    version: "0.3.2"
  path:
    dependency: transitive
    description:
      name: path
      sha256: "8829d8a55c13fc0e37127c29fedf290c102f4e40ae94ada574091fe0ff96c917"
      url: "https://pub.dev"
    source: hosted
    version: "1.8.3"
  path_provider:
    dependency: "direct main"
    description:
      name: path_provider
      sha256: df05e975c3e0d9d4112c62ab40a022abf8c56d67deb25356a5ebb3d1311017f3
      url: "https://pub.dev"
    source: hosted
    version: "2.0.7"
  path_provider_android:
    dependency: transitive
    description:
      name: path_provider_android
      sha256: "1667b3926378bba6bbd1c8c4ddd68fab6a2825f27a285bd55370c1b12f21440a"
      url: "https://pub.dev"
    source: hosted
    version: "2.0.9"
  path_provider_ios:
    dependency: transitive
    description:
      name: path_provider_ios
      sha256: "038d0141ff5d08c60ed071eee2758b68c50c42a1c10066a1fb6c28ab32fac84c"
      url: "https://pub.dev"
    source: hosted
    version: "2.0.7"
  path_provider_linux:
    dependency: transitive
    description:
      name: path_provider_linux
      sha256: "96af2381b8db7cfd5986cf2d7eb737f0099f0517ffc7e10b979d20eb38e64939"
      url: "https://pub.dev"
    source: hosted
    version: "2.1.0"
  path_provider_macos:
    dependency: transitive
    description:
      name: path_provider_macos
      sha256: "0d1273a80d3db3ffb3d82a1e063b8d1e889fd2879fcd81f8b0f00bfa8246498e"
      url: "https://pub.dev"
    source: hosted
    version: "2.0.2"
  path_provider_platform_interface:
    dependency: transitive
    description:
      name: path_provider_platform_interface
      sha256: c2af5a8a6369992d915f8933dfc23172071001359d17896e83db8be57db8a397
      url: "https://pub.dev"
    source: hosted
    version: "2.0.1"
  path_provider_windows:
    dependency: transitive
    description:
      name: path_provider_windows
      sha256: "067e20d6d356f05a75eb9d563c2c0dcbb1889053e72dc2c53187668ac39da511"
      url: "https://pub.dev"
    source: hosted
    version: "2.0.3"
  pedantic:
    dependency: transitive
    description:
      name: pedantic
      sha256: "67fc27ed9639506c856c840ccce7594d0bdcd91bc8d53d6e52359449a1d50602"
      url: "https://pub.dev"
    source: hosted
    version: "1.11.1"
  permission_handler:
    dependency: "direct main"
    description:
      name: permission_handler
      sha256: "4356882e9abf51aa0d56e8fb886e0d6162719f2310dd71f0b8fa7f34908b128d"
      url: "https://pub.dev"
    source: hosted
    version: "8.3.0"
  permission_handler_platform_interface:
    dependency: transitive
    description:
      name: permission_handler_platform_interface
      sha256: ca16451bfdc6d26693d10b37b2d81370bdf3f0318422f3eecfd6004f5bd7d21f
      url: "https://pub.dev"
    source: hosted
    version: "3.7.0"
  petitparser:
    dependency: transitive
    description:
      name: petitparser
      sha256: "1a914995d4ef10c94ff183528c120d35ed43b5eaa8713fc6766a9be4570782e2"
      url: "https://pub.dev"
    source: hosted
    version: "4.4.0"
  platform:
    dependency: transitive
    description:
      name: platform
      sha256: "4a8c298d9ac37f18a1116f7be2aa86c3eaea5913586c5afbb905429dd79efa84"
      url: "https://pub.dev"
    source: hosted
    version: "3.0.2"
  plugin_platform_interface:
    dependency: transitive
    description:
      name: plugin_platform_interface
      sha256: f843e0027496f0d841166707029237a0bef39cfc0c79b93b1bb1a10beae73244
      url: "https://pub.dev"
    source: hosted
    version: "2.0.2"
  postgrest:
    dependency: transitive
    description:
      name: postgrest
      sha256: "0f8512e1a67b994b16b027329ba262ad3055dbd83b244e0611376da37d84de17"
      url: "https://pub.dev"
    source: hosted
    version: "0.1.8"
  process:
    dependency: transitive
    description:
      name: process
      sha256: "53fd8db9cec1d37b0574e12f07520d582019cb6c44abf5479a01505099a34a09"
      url: "https://pub.dev"
    source: hosted
    version: "4.2.4"
  realtime_client:
    dependency: transitive
    description:
      name: realtime_client
      sha256: f14ac8b537ac1c99d3bee11758410618c62b2310aeff2d464cb7733034dada00
      url: "https://pub.dev"
    source: hosted
    version: "0.1.11"
  rxdart:
    dependency: transitive
    description:
      name: rxdart
      sha256: "7358d9e183dd9002a16c17200186c7af56dd9e210b030853ca669ccd02e3d5d6"
      url: "https://pub.dev"
    source: hosted
    version: "0.27.2"
  salomon_bottom_bar:
    dependency: "direct main"
    description:
      name: salomon_bottom_bar
      sha256: "16cfceeabdbfbb14698dfb17e2b0abc99c182b5df3bb26c1a53afe24b82b3881"
      url: "https://pub.dev"
    source: hosted
    version: "3.1.0"
  share_plus:
    dependency: "direct main"
    description:
      name: share_plus
      sha256: ada59039dc2d580bc0f83f06f4c32a992098aefbdb5b6332be2be516fda71c8b
      url: "https://pub.dev"
    source: hosted
    version: "3.0.4"
  share_plus_linux:
    dependency: transitive
    description:
      name: share_plus_linux
      sha256: c217d158bb0f2374dd8cf655160be13f8ace4d2555804cb2932a68141a315456
      url: "https://pub.dev"
    source: hosted
    version: "2.0.4"
  share_plus_macos:
    dependency: transitive
    description:
      name: share_plus_macos
      sha256: "3b3cf4059b9a5a977295e73aa102265069636971146d4732aeeba1d6fd41e965"
      url: "https://pub.dev"
    source: hosted
    version: "2.0.2"
  share_plus_platform_interface:
    dependency: transitive
    description:
      name: share_plus_platform_interface
      sha256: "4008efb3c736b2dd1c9731f155f813fed149007c5bc65af14363d804f7474e3a"
      url: "https://pub.dev"
    source: hosted
    version: "2.0.1"
  share_plus_web:
    dependency: transitive
    description:
      name: share_plus_web
      sha256: b121451985255d61cfd30079fcfb25fd9c8a8e0222d25a7994e78175610f4357
      url: "https://pub.dev"
    source: hosted
    version: "2.0.4"
  share_plus_windows:
    dependency: transitive
    description:
      name: share_plus_windows
      sha256: "42cdcbc99652eceae5257eed9b06a26566d36ffc0238026ab71cb34102e05ae3"
      url: "https://pub.dev"
    source: hosted
    version: "2.0.3"
  sky_engine:
    dependency: transitive
    description: flutter
    source: sdk
    version: "0.0.99"
  sliding_up_panel:
    dependency: "direct main"
    description:
      name: sliding_up_panel
      sha256: "578e90956a6212d1e406373250b2436a0f3afece29aee3c24c8360094d6cf968"
      url: "https://pub.dev"
    source: hosted
    version: "2.0.0+1"
  source_span:
    dependency: transitive
    description:
      name: source_span
      sha256: dd904f795d4b4f3b870833847c461801f6750a9fa8e61ea5ac53f9422b31f250
      url: "https://pub.dev"
    source: hosted
    version: "1.9.1"
  sqflite:
    dependency: transitive
    description:
      name: sqflite
      sha256: "67fa2c957a8370971fe544542ea1a0d58a07a50c12db46971a86de6ffbe905c2"
      url: "https://pub.dev"
    source: hosted
    version: "2.0.0+4"
  sqflite_common:
    dependency: transitive
    description:
      name: sqflite_common
      sha256: "75e99c238f22152669c39e02a3cdcf78515d11856a8a78e0136452943404d9bd"
      url: "https://pub.dev"
    source: hosted
    version: "2.0.1+1"
  stack_trace:
    dependency: transitive
    description:
      name: stack_trace
      sha256: c3c7d8edb15bee7f0f74debd4b9c5f3c2ea86766fe4178eb2a18eb30a0bdaed5
      url: "https://pub.dev"
    source: hosted
    version: "1.11.0"
  storage_client:
    dependency: transitive
    description:
      name: storage_client
      sha256: e189f5956dedeb8b9ea0c4b66e285f7a2f2d1a765d9e8d6674fd05ce2db3e4e5
      url: "https://pub.dev"
    source: hosted
    version: "0.0.6+1"
  stream_channel:
    dependency: transitive
    description:
      name: stream_channel
      sha256: "83615bee9045c1d322bbbd1ba209b7a749c2cbcdcb3fdd1df8eb488b3279c1c8"
      url: "https://pub.dev"
    source: hosted
    version: "2.1.1"
  string_scanner:
    dependency: transitive
    description:
      name: string_scanner
      sha256: "556692adab6cfa87322a115640c11f13cb77b3f076ddcc5d6ae3c20242bedcde"
      url: "https://pub.dev"
    source: hosted
    version: "1.2.0"
  supabase:
    dependency: "direct main"
    description:
      name: supabase
      sha256: b86d561b0f548bd10671b4ceeea44e84084907e3de90f1aa3608f5820980c138
      url: "https://pub.dev"
    source: hosted
    version: "0.2.9"
  synchronized:
    dependency: transitive
    description:
      name: synchronized
      sha256: "271977ff1e9e82ceefb4f08424b8839f577c1852e0726b5ce855311b46d3ef83"
      url: "https://pub.dev"
    source: hosted
    version: "3.0.0"
  term_glyph:
    dependency: transitive
    description:
      name: term_glyph
      sha256: a29248a84fbb7c79282b40b8c72a1209db169a2e0542bce341da992fe1bc7e84
      url: "https://pub.dev"
    source: hosted
    version: "1.2.1"
  test_api:
    dependency: transitive
    description:
      name: test_api
      sha256: eb6ac1540b26de412b3403a163d919ba86f6a973fe6cc50ae3541b80092fdcfb
      url: "https://pub.dev"
    source: hosted
    version: "0.5.1"
  typed_data:
    dependency: transitive
    description:
      name: typed_data
      sha256: "53bdf7e979cfbf3e28987552fd72f637e63f3c8724c9e56d9246942dc2fa36ee"
      url: "https://pub.dev"
    source: hosted
    version: "1.3.0"
  universal_io:
    dependency: transitive
    description:
      name: universal_io
      sha256: "79f78ddad839ee3aae3ec7c01eb4575faf0d5c860f8e5223bc9f9c17f7f03cef"
      url: "https://pub.dev"
    source: hosted
    version: "2.0.4"
  url_launcher:
    dependency: "direct main"
    description:
      name: url_launcher
      sha256: d5f8de4cdbc418a19c8be06929d0ef892e67154ce52d5ce117760d7b87df1dd4
      url: "https://pub.dev"
    source: hosted
    version: "6.0.15"
  url_launcher_linux:
    dependency: transitive
    description:
      name: url_launcher_linux
      sha256: "762a15bd1be2e910e073539bb65e59c2d5cb35aff2730657d771bef78d7be20b"
      url: "https://pub.dev"
    source: hosted
    version: "2.0.2"
  url_launcher_macos:
    dependency: transitive
    description:
      name: url_launcher_macos
      sha256: c116ae76b578e0403c2c65630715c0c81a79ef22a11ff9192674b5233be88735
      url: "https://pub.dev"
    source: hosted
    version: "2.0.2"
  url_launcher_platform_interface:
    dependency: transitive
    description:
      name: url_launcher_platform_interface
      sha256: a4acd1aed57444bd4693768559a891cbb3168dbf0b992d0d5b5b5619ab371aed
      url: "https://pub.dev"
    source: hosted
    version: "2.0.4"
  url_launcher_web:
    dependency: transitive
    description:
      name: url_launcher_web
      sha256: a2bc64b513fd1d8fee7646c7a8330afc897b0973c902d004907fa010e50d323e
      url: "https://pub.dev"
    source: hosted
    version: "2.0.4"
  url_launcher_windows:
    dependency: transitive
    description:
      name: url_launcher_windows
      sha256: "4e24aac2a2960fb9a70a07992e1ba69cb99fbcee48fdf17abe280ce867bfcea2"
      url: "https://pub.dev"
    source: hosted
    version: "2.0.2"
  uuid:
    dependency: "direct main"
    description:
      name: uuid
      sha256: "00ba1241ff12e77d8059eeb1f102b35235df01661a6110afd165ab52a0fc7714"
      url: "https://pub.dev"
    source: hosted
    version: "3.0.5"
  vector_math:
    dependency: transitive
    description:
      name: vector_math
      sha256: "80b3257d1492ce4d091729e3a67a60407d227c27241d6927be0130c98e741803"
      url: "https://pub.dev"
    source: hosted
    version: "2.1.4"
  web_socket_channel:
    dependency: transitive
    description:
      name: web_socket_channel
      sha256: "0c2ada1b1aeb2ad031ca81872add6be049b8cb479262c6ad3c4b0f9c24eaab2f"
      url: "https://pub.dev"
    source: hosted
    version: "2.1.0"
  win32:
    dependency: transitive
    description:
      name: win32
      sha256: "198196d2f4f7497c3ccf2f7b6bff46c8961ae83cd37f407c60bd29be5267ebaa"
      url: "https://pub.dev"
    source: hosted
    version: "2.2.10"
  xdg_directories:
    dependency: transitive
    description:
      name: xdg_directories
      sha256: "0186b3f2d66be9a12b0295bddcf8b6f8c0b0cc2f85c6287344e2a6366bc28457"
      url: "https://pub.dev"
    source: hosted
    version: "0.2.0"
  xml:
    dependency: transitive
    description:
      name: xml
      sha256: baa23bcba1ba4ce4b22c0c7a1d9c861e7015cb5169512676da0b85138e72840c
      url: "https://pub.dev"
    source: hosted
    version: "5.3.1"
  youtube_explode_dart:
    dependency: "direct main"
    description:
      name: youtube_explode_dart
      sha256: fbbef7f5687759634bc60516645097c1770522d6c11259b114bade362fd7363c
      url: "https://pub.dev"
    source: hosted
    version: "1.10.6"
sdks:
  dart: ">=3.0.0-0 <4.0.0"
  flutter: ">=2.5.0"
